{
  "name": "disney-app-cli",
  "version": "1.0.0",
  "lockfileVersion": 2,
  "requires": true,
  "packages": {
    "": {
      "name": "disney-app-cli",
      "version": "1.0.0",
      "license": "ISC",
      "dependencies": {
        "disneycharacterscli": "file:../disney-api"
      }
    },
    "../disney-api": {
      "version": "1.0.0",
      "license": "ISC",
      "dependencies": {
        "prompts": "^2.4.2",
        "superagent": "^8.0.9",
        "yargs": "^17.7.2"
      }
    },
    "node_modules/disneycharacterscli": {
      "resolved": "../disney-api",
      "link": true
    }
  },
  "dependencies": {
    "disneycharacterscli": {
      "version": "file:../disney-api",
      "requires": {
        "prompts": "^2.4.2",
        "superagent": "^8.0.9",
        "yargs": "^17.7.2"
      }
    }
  }
}
